
Microsoft Visual Studio Solution File, Format Version 12.00
# Visual Studio Version 17
VisualStudioVersion = 17.4.33103.184
MinimumVisualStudioVersion = 10.0.40219.1
Project("{2150E333-8FDC-42A3-9474-1A3956D46DE8}") = "Services", "Services", "{34837983-3CAA-44D8-B1B2-31845A9F6259}"
EndProject
Project("{2150E333-8FDC-42A3-9474-1A3956D46DE8}") = "Catalog", "Catalog", "{A1707DB8-2AE6-4E0B-8A00-11588EAF9131}"
EndProject
Project("{9A19103F-16F7-4668-BE54-9A1E7A4F7556}") = "Catalog.Api", "Services\Catalog\Catalog.Api\Catalog.Api.csproj", "{B0794C8A-9B15-4605-8083-C89EDE12BE38}"
EndProject
Project("{E53339B2-1760-4266-BCC7-CA923CBCF16C}") = "docker-compose", "docker-compose.dcproj", "{6BC6808B-CB6A-437F-BF72-FD17CA14E45F}"
EndProject
Project("{2150E333-8FDC-42A3-9474-1A3956D46DE8}") = "Basket", "Basket", "{5C3AE610-8A5B-4027-85A8-3027762BD78C}"
EndProject
Project("{9A19103F-16F7-4668-BE54-9A1E7A4F7556}") = "Basket.Api", "Services\Basket\Basket.Api\Basket.Api.csproj", "{29F67FCC-6B67-489B-961C-3CBBDE0F4FB0}"
EndProject
Project("{2150E333-8FDC-42A3-9474-1A3956D46DE8}") = "Discount", "Discount", "{BBEA912A-94E2-4D4B-8BF2-AEB22D98C6DE}"
EndProject
Project("{9A19103F-16F7-4668-BE54-9A1E7A4F7556}") = "Discount.Api", "Services\Discount\Discount.Api\Discount.Api.csproj", "{ED33D5D2-262F-41B3-A18D-23D458A9B6ED}"
EndProject
Project("{FAE04EC0-301F-11D3-BF4B-00C04F79EFBC}") = "Discount.Grpc", "Services\Discount\Discount.Grpc\Discount.Grpc.csproj", "{BDCD39FD-934A-4AA7-BD20-30C1EE6C248B}"
EndProject
Project("{2150E333-8FDC-42A3-9474-1A3956D46DE8}") = "Ordering", "Ordering", "{91591405-9487-4D37-ACE5-03068F143C3C}"
EndProject
Project("{FAE04EC0-301F-11D3-BF4B-00C04F79EFBC}") = "Ordering.Api", "Services\Ordering\Ordering.Api\Ordering.Api.csproj", "{45A197B8-A2F0-49E4-A8D9-FB28B4F630DE}"
EndProject
Project("{FAE04EC0-301F-11D3-BF4B-00C04F79EFBC}") = "Ordering.Domain", "Services\Ordering\Ordering.Domain\Ordering.Domain.csproj", "{BE2BCC86-5C2A-4F8C-BFFD-06779E0A88E3}"
EndProject
Project("{FAE04EC0-301F-11D3-BF4B-00C04F79EFBC}") = "Ordering.Application", "Services\Ordering\Ordering.Application\Ordering.Application.csproj", "{134E4A67-248D-4D96-AD8F-A30C9BED1686}"
EndProject
Project("{FAE04EC0-301F-11D3-BF4B-00C04F79EFBC}") = "Ordering.Infrastructure", "Services\Ordering\Ordering.Infrastructurer\Ordering.Infrastructure.csproj", "{46AACA82-951E-4589-B485-1132DCF9A22C}"
EndProject
Global
	GlobalSection(SolutionConfigurationPlatforms) = preSolution
		Debug|Any CPU = Debug|Any CPU
		Release|Any CPU = Release|Any CPU
	EndGlobalSection
	GlobalSection(ProjectConfigurationPlatforms) = postSolution
		{B0794C8A-9B15-4605-8083-C89EDE12BE38}.Debug|Any CPU.ActiveCfg = Debug|Any CPU
		{B0794C8A-9B15-4605-8083-C89EDE12BE38}.Debug|Any CPU.Build.0 = Debug|Any CPU
		{B0794C8A-9B15-4605-8083-C89EDE12BE38}.Release|Any CPU.ActiveCfg = Release|Any CPU
		{B0794C8A-9B15-4605-8083-C89EDE12BE38}.Release|Any CPU.Build.0 = Release|Any CPU
		{6BC6808B-CB6A-437F-BF72-FD17CA14E45F}.Debug|Any CPU.ActiveCfg = Debug|Any CPU
		{6BC6808B-CB6A-437F-BF72-FD17CA14E45F}.Debug|Any CPU.Build.0 = Debug|Any CPU
		{6BC6808B-CB6A-437F-BF72-FD17CA14E45F}.Release|Any CPU.ActiveCfg = Release|Any CPU
		{6BC6808B-CB6A-437F-BF72-FD17CA14E45F}.Release|Any CPU.Build.0 = Release|Any CPU
		{29F67FCC-6B67-489B-961C-3CBBDE0F4FB0}.Debug|Any CPU.ActiveCfg = Debug|Any CPU
		{29F67FCC-6B67-489B-961C-3CBBDE0F4FB0}.Debug|Any CPU.Build.0 = Debug|Any CPU
		{29F67FCC-6B67-489B-961C-3CBBDE0F4FB0}.Release|Any CPU.ActiveCfg = Release|Any CPU
		{29F67FCC-6B67-489B-961C-3CBBDE0F4FB0}.Release|Any CPU.Build.0 = Release|Any CPU
		{ED33D5D2-262F-41B3-A18D-23D458A9B6ED}.Debug|Any CPU.ActiveCfg = Debug|Any CPU
		{ED33D5D2-262F-41B3-A18D-23D458A9B6ED}.Debug|Any CPU.Build.0 = Debug|Any CPU
		{ED33D5D2-262F-41B3-A18D-23D458A9B6ED}.Release|Any CPU.ActiveCfg = Release|Any CPU
		{ED33D5D2-262F-41B3-A18D-23D458A9B6ED}.Release|Any CPU.Build.0 = Release|Any CPU
		{BDCD39FD-934A-4AA7-BD20-30C1EE6C248B}.Debug|Any CPU.ActiveCfg = Debug|Any CPU
		{BDCD39FD-934A-4AA7-BD20-30C1EE6C248B}.Debug|Any CPU.Build.0 = Debug|Any CPU
		{BDCD39FD-934A-4AA7-BD20-30C1EE6C248B}.Release|Any CPU.ActiveCfg = Release|Any CPU
		{BDCD39FD-934A-4AA7-BD20-30C1EE6C248B}.Release|Any CPU.Build.0 = Release|Any CPU
		{45A197B8-A2F0-49E4-A8D9-FB28B4F630DE}.Debug|Any CPU.ActiveCfg = Debug|Any CPU
		{45A197B8-A2F0-49E4-A8D9-FB28B4F630DE}.Debug|Any CPU.Build.0 = Debug|Any CPU
		{45A197B8-A2F0-49E4-A8D9-FB28B4F630DE}.Release|Any CPU.ActiveCfg = Release|Any CPU
		{45A197B8-A2F0-49E4-A8D9-FB28B4F630DE}.Release|Any CPU.Build.0 = Release|Any CPU
		{BE2BCC86-5C2A-4F8C-BFFD-06779E0A88E3}.Debug|Any CPU.ActiveCfg = Debug|Any CPU
		{BE2BCC86-5C2A-4F8C-BFFD-06779E0A88E3}.Debug|Any CPU.Build.0 = Debug|Any CPU
		{BE2BCC86-5C2A-4F8C-BFFD-06779E0A88E3}.Release|Any CPU.ActiveCfg = Release|Any CPU
		{BE2BCC86-5C2A-4F8C-BFFD-06779E0A88E3}.Release|Any CPU.Build.0 = Release|Any CPU
		{134E4A67-248D-4D96-AD8F-A30C9BED1686}.Debug|Any CPU.ActiveCfg = Debug|Any CPU
		{134E4A67-248D-4D96-AD8F-A30C9BED1686}.Debug|Any CPU.Build.0 = Debug|Any CPU
		{134E4A67-248D-4D96-AD8F-A30C9BED1686}.Release|Any CPU.ActiveCfg = Release|Any CPU
		{134E4A67-248D-4D96-AD8F-A30C9BED1686}.Release|Any CPU.Build.0 = Release|Any CPU
		{46AACA82-951E-4589-B485-1132DCF9A22C}.Debug|Any CPU.ActiveCfg = Debug|Any CPU
		{46AACA82-951E-4589-B485-1132DCF9A22C}.Debug|Any CPU.Build.0 = Debug|Any CPU
		{46AACA82-951E-4589-B485-1132DCF9A22C}.Release|Any CPU.ActiveCfg = Release|Any CPU
		{46AACA82-951E-4589-B485-1132DCF9A22C}.Release|Any CPU.Build.0 = Release|Any CPU
	EndGlobalSection
	GlobalSection(SolutionProperties) = preSolution
		HideSolutionNode = FALSE
	EndGlobalSection
	GlobalSection(NestedProjects) = preSolution
		{A1707DB8-2AE6-4E0B-8A00-11588EAF9131} = {34837983-3CAA-44D8-B1B2-31845A9F6259}
		{B0794C8A-9B15-4605-8083-C89EDE12BE38} = {A1707DB8-2AE6-4E0B-8A00-11588EAF9131}
		{5C3AE610-8A5B-4027-85A8-3027762BD78C} = {34837983-3CAA-44D8-B1B2-31845A9F6259}
		{29F67FCC-6B67-489B-961C-3CBBDE0F4FB0} = {5C3AE610-8A5B-4027-85A8-3027762BD78C}
		{BBEA912A-94E2-4D4B-8BF2-AEB22D98C6DE} = {34837983-3CAA-44D8-B1B2-31845A9F6259}
		{ED33D5D2-262F-41B3-A18D-23D458A9B6ED} = {BBEA912A-94E2-4D4B-8BF2-AEB22D98C6DE}
		{BDCD39FD-934A-4AA7-BD20-30C1EE6C248B} = {BBEA912A-94E2-4D4B-8BF2-AEB22D98C6DE}
		{91591405-9487-4D37-ACE5-03068F143C3C} = {34837983-3CAA-44D8-B1B2-31845A9F6259}
		{45A197B8-A2F0-49E4-A8D9-FB28B4F630DE} = {91591405-9487-4D37-ACE5-03068F143C3C}
		{BE2BCC86-5C2A-4F8C-BFFD-06779E0A88E3} = {91591405-9487-4D37-ACE5-03068F143C3C}
		{134E4A67-248D-4D96-AD8F-A30C9BED1686} = {91591405-9487-4D37-ACE5-03068F143C3C}
		{46AACA82-951E-4589-B485-1132DCF9A22C} = {91591405-9487-4D37-ACE5-03068F143C3C}
	EndGlobalSection
	GlobalSection(ExtensibilityGlobals) = postSolution
		SolutionGuid = {2D350E75-E434-4A82-A617-A2C8CEC5BD46}
	EndGlobalSection
EndGlobal
